
Microsoft Visual Studio Solution File, Format Version 12.00
# Visual Studio Version 17
VisualStudioVersion = 17.5.33627.172
MinimumVisualStudioVersion = 10.0.40219.1
Project("{FAE04EC0-301F-11D3-BF4B-00C04F79EFBC}") = "Uppgift1_19dec", "Uppgift1_19dec.csproj", "{CDC8A3A1-AB58-444B-B7CD-28A43A138DE9}"
EndProject
Global
	GlobalSection(SolutionConfigurationPlatforms) = preSolution
		Debug|Any CPU = Debug|Any CPU
		Release|Any CPU = Release|Any CPU
	EndGlobalSection
	GlobalSection(ProjectConfigurationPlatforms) = postSolution
		{CDC8A3A1-AB58-444B-B7CD-28A43A138DE9}.Debug|Any CPU.ActiveCfg = Debug|Any CPU
		{CDC8A3A1-AB58-444B-B7CD-28A43A138DE9}.Debug|Any CPU.Build.0 = Debug|Any CPU
		{CDC8A3A1-AB58-444B-B7CD-28A43A138DE9}.Release|Any CPU.ActiveCfg = Release|Any CPU
		{CDC8A3A1-AB58-444B-B7CD-28A43A138DE9}.Release|Any CPU.Build.0 = Release|Any CPU
	EndGlobalSection
	GlobalSection(SolutionProperties) = preSolution
		HideSolutionNode = FALSE
	EndGlobalSection
	GlobalSection(ExtensibilityGlobals) = postSolution
		SolutionGuid = {B4B27079-F6C5-4CCA-9124-4F99767F5AA3}
	EndGlobalSection
EndGlobal
