
Microsoft Visual Studio Solution File, Format Version 12.00
# Visual Studio Version 17
VisualStudioVersion = 17.5.33627.172
MinimumVisualStudioVersion = 10.0.40219.1
Project("{FAE04EC0-301F-11D3-BF4B-00C04F79EFBC}") = "Repetition", "Repetition.csproj", "{2EA01DA3-CD12-463F-84B8-2687C1C393C0}"
EndProject
Project("{FAE04EC0-301F-11D3-BF4B-00C04F79EFBC}") = "Övning1", "..\Övning1\Övning1.csproj", "{9F012DA1-25FF-4FAE-8468-3617EDDB99E6}"
EndProject
Project("{FAE04EC0-301F-11D3-BF4B-00C04F79EFBC}") = "Övning 2", "..\Övning 2\Övning 2.csproj", "{B1C62EC9-4DA7-4823-89AC-529C3EF59144}"
EndProject
Project("{FAE04EC0-301F-11D3-BF4B-00C04F79EFBC}") = "Övning 3", "..\Övning 3\Övning 3.csproj", "{ECD9C8C9-9788-43A2-ADB8-8731B2E53EE8}"
EndProject
Global
	GlobalSection(SolutionConfigurationPlatforms) = preSolution
		Debug|Any CPU = Debug|Any CPU
		Release|Any CPU = Release|Any CPU
	EndGlobalSection
	GlobalSection(ProjectConfigurationPlatforms) = postSolution
		{2EA01DA3-CD12-463F-84B8-2687C1C393C0}.Debug|Any CPU.ActiveCfg = Debug|Any CPU
		{2EA01DA3-CD12-463F-84B8-2687C1C393C0}.Debug|Any CPU.Build.0 = Debug|Any CPU
		{2EA01DA3-CD12-463F-84B8-2687C1C393C0}.Release|Any CPU.ActiveCfg = Release|Any CPU
		{2EA01DA3-CD12-463F-84B8-2687C1C393C0}.Release|Any CPU.Build.0 = Release|Any CPU
		{9F012DA1-25FF-4FAE-8468-3617EDDB99E6}.Debug|Any CPU.ActiveCfg = Debug|Any CPU
		{9F012DA1-25FF-4FAE-8468-3617EDDB99E6}.Debug|Any CPU.Build.0 = Debug|Any CPU
		{9F012DA1-25FF-4FAE-8468-3617EDDB99E6}.Release|Any CPU.ActiveCfg = Release|Any CPU
		{9F012DA1-25FF-4FAE-8468-3617EDDB99E6}.Release|Any CPU.Build.0 = Release|Any CPU
		{B1C62EC9-4DA7-4823-89AC-529C3EF59144}.Debug|Any CPU.ActiveCfg = Debug|Any CPU
		{B1C62EC9-4DA7-4823-89AC-529C3EF59144}.Debug|Any CPU.Build.0 = Debug|Any CPU
		{B1C62EC9-4DA7-4823-89AC-529C3EF59144}.Release|Any CPU.ActiveCfg = Release|Any CPU
		{B1C62EC9-4DA7-4823-89AC-529C3EF59144}.Release|Any CPU.Build.0 = Release|Any CPU
		{ECD9C8C9-9788-43A2-ADB8-8731B2E53EE8}.Debug|Any CPU.ActiveCfg = Debug|Any CPU
		{ECD9C8C9-9788-43A2-ADB8-8731B2E53EE8}.Debug|Any CPU.Build.0 = Debug|Any CPU
		{ECD9C8C9-9788-43A2-ADB8-8731B2E53EE8}.Release|Any CPU.ActiveCfg = Release|Any CPU
		{ECD9C8C9-9788-43A2-ADB8-8731B2E53EE8}.Release|Any CPU.Build.0 = Release|Any CPU
	EndGlobalSection
	GlobalSection(SolutionProperties) = preSolution
		HideSolutionNode = FALSE
	EndGlobalSection
	GlobalSection(ExtensibilityGlobals) = postSolution
		SolutionGuid = {884F73D4-A777-495A-B645-CACA58C9384C}
	EndGlobalSection
EndGlobal
