
Microsoft Visual Studio Solution File, Format Version 12.00
# Visual Studio Version 17
VisualStudioVersion = 17.5.33627.172
MinimumVisualStudioVersion = 10.0.40219.1
Project("{FAE04EC0-301F-11D3-BF4B-00C04F79EFBC}") = "Övningar23_12_05", "Övningar23_12_05.csproj", "{DB48139F-205A-4F6E-98FA-49F7DF31505A}"
EndProject
Global
	GlobalSection(SolutionConfigurationPlatforms) = preSolution
		Debug|Any CPU = Debug|Any CPU
		Release|Any CPU = Release|Any CPU
	EndGlobalSection
	GlobalSection(ProjectConfigurationPlatforms) = postSolution
		{DB48139F-205A-4F6E-98FA-49F7DF31505A}.Debug|Any CPU.ActiveCfg = Debug|Any CPU
		{DB48139F-205A-4F6E-98FA-49F7DF31505A}.Debug|Any CPU.Build.0 = Debug|Any CPU
		{DB48139F-205A-4F6E-98FA-49F7DF31505A}.Release|Any CPU.ActiveCfg = Release|Any CPU
		{DB48139F-205A-4F6E-98FA-49F7DF31505A}.Release|Any CPU.Build.0 = Release|Any CPU
	EndGlobalSection
	GlobalSection(SolutionProperties) = preSolution
		HideSolutionNode = FALSE
	EndGlobalSection
	GlobalSection(ExtensibilityGlobals) = postSolution
		SolutionGuid = {7258C9B9-FB24-42B9-B5E2-E7CBC6F066D4}
	EndGlobalSection
EndGlobal
